
Microsoft Visual Studio Solution File, Format Version 12.00
# Visual Studio Version 17
VisualStudioVersion = 17.13.35913.81
MinimumVisualStudioVersion = 10.0.40219.1
Project("{FAE04EC0-301F-11D3-BF4B-00C04F79EFBC}") = "leetcode intermediate", "leetcode basics\leetcode intermediate.csproj", "{977EA074-E8E2-4D66-BE53-77E0D41CEF32}"
EndProject
Project("{FAE04EC0-301F-11D3-BF4B-00C04F79EFBC}") = "TestProject1", "TestProject1\TestProject1.csproj", "{357FA014-1915-4990-8ED8-CF2ED2D34192}"
EndProject
Project("{FAE04EC0-301F-11D3-BF4B-00C04F79EFBC}") = "Model2", "Model2\Model2.csproj", "{F178A2A9-60A9-4505-8A05-626A15943323}"
EndProject
Project("{FAE04EC0-301F-11D3-BF4B-00C04F79EFBC}") = "ClassLibrary2", "ClassLibrary2\ClassLibrary2.csproj", "{9F133167-1667-471A-890C-AD74E08EF2DB}"
EndProject
Global
	GlobalSection(SolutionConfigurationPlatforms) = preSolution
		Debug|Any CPU = Debug|Any CPU
		Release|Any CPU = Release|Any CPU
	EndGlobalSection
	GlobalSection(ProjectConfigurationPlatforms) = postSolution
		{977EA074-E8E2-4D66-BE53-77E0D41CEF32}.Debug|Any CPU.ActiveCfg = Debug|Any CPU
		{977EA074-E8E2-4D66-BE53-77E0D41CEF32}.Debug|Any CPU.Build.0 = Debug|Any CPU
		{977EA074-E8E2-4D66-BE53-77E0D41CEF32}.Release|Any CPU.ActiveCfg = Release|Any CPU
		{977EA074-E8E2-4D66-BE53-77E0D41CEF32}.Release|Any CPU.Build.0 = Release|Any CPU
		{357FA014-1915-4990-8ED8-CF2ED2D34192}.Debug|Any CPU.ActiveCfg = Debug|Any CPU
		{357FA014-1915-4990-8ED8-CF2ED2D34192}.Debug|Any CPU.Build.0 = Debug|Any CPU
		{357FA014-1915-4990-8ED8-CF2ED2D34192}.Release|Any CPU.ActiveCfg = Release|Any CPU
		{357FA014-1915-4990-8ED8-CF2ED2D34192}.Release|Any CPU.Build.0 = Release|Any CPU
		{F178A2A9-60A9-4505-8A05-626A15943323}.Debug|Any CPU.ActiveCfg = Debug|Any CPU
		{F178A2A9-60A9-4505-8A05-626A15943323}.Debug|Any CPU.Build.0 = Debug|Any CPU
		{F178A2A9-60A9-4505-8A05-626A15943323}.Release|Any CPU.ActiveCfg = Release|Any CPU
		{F178A2A9-60A9-4505-8A05-626A15943323}.Release|Any CPU.Build.0 = Release|Any CPU
		{9F133167-1667-471A-890C-AD74E08EF2DB}.Debug|Any CPU.ActiveCfg = Debug|Any CPU
		{9F133167-1667-471A-890C-AD74E08EF2DB}.Debug|Any CPU.Build.0 = Debug|Any CPU
		{9F133167-1667-471A-890C-AD74E08EF2DB}.Release|Any CPU.ActiveCfg = Release|Any CPU
		{9F133167-1667-471A-890C-AD74E08EF2DB}.Release|Any CPU.Build.0 = Release|Any CPU
	EndGlobalSection
	GlobalSection(SolutionProperties) = preSolution
		HideSolutionNode = FALSE
	EndGlobalSection
	GlobalSection(ExtensibilityGlobals) = postSolution
		SolutionGuid = {F4AF8764-E732-4D4A-9D08-7C1BF30E1D7E}
	EndGlobalSection
EndGlobal
